
Microsoft Visual Studio Solution File, Format Version 12.00
# Visual Studio Version 17
VisualStudioVersion = 17.5.002.0
MinimumVisualStudioVersion = 10.0.40219.1
Project("{9A19103F-16F7-4668-BE54-9A1E7A4F7556}") = "Comsat_Ppr", "Comsat_Ppr\Comsat_Ppr.csproj", "{8B402B60-31BC-4F4E-A78B-95AF8D2A0F83}"
EndProject
Global
	GlobalSection(SolutionConfigurationPlatforms) = preSolution
		Debug|Any CPU = Debug|Any CPU
		Release|Any CPU = Release|Any CPU
	EndGlobalSection
	GlobalSection(ProjectConfigurationPlatforms) = postSolution
		{8B402B60-31BC-4F4E-A78B-95AF8D2A0F83}.Debug|Any CPU.ActiveCfg = Debug|Any CPU
		{8B402B60-31BC-4F4E-A78B-95AF8D2A0F83}.Debug|Any CPU.Build.0 = Debug|Any CPU
		{8B402B60-31BC-4F4E-A78B-95AF8D2A0F83}.Release|Any CPU.ActiveCfg = Release|Any CPU
		{8B402B60-31BC-4F4E-A78B-95AF8D2A0F83}.Release|Any CPU.Build.0 = Release|Any CPU
	EndGlobalSection
	GlobalSection(SolutionProperties) = preSolution
		HideSolutionNode = FALSE
	EndGlobalSection
	GlobalSection(ExtensibilityGlobals) = postSolution
		SolutionGuid = {250518CE-EFEF-4564-B475-C2315DD2C96F}
	EndGlobalSection
EndGlobal
