
Microsoft Visual Studio Solution File, Format Version 12.00
# Visual Studio Version 17
VisualStudioVersion = 17.5.002.0
MinimumVisualStudioVersion = 10.0.40219.1
Project("{9A19103F-16F7-4668-BE54-9A1E7A4F7556}") = "Practice_Area", "Practice_Area\Practice_Area.csproj", "{AFB81BB5-3770-4232-9AB8-72FE0FFB6B29}"
EndProject
Global
	GlobalSection(SolutionConfigurationPlatforms) = preSolution
		Debug|Any CPU = Debug|Any CPU
		Release|Any CPU = Release|Any CPU
	EndGlobalSection
	GlobalSection(ProjectConfigurationPlatforms) = postSolution
		{AFB81BB5-3770-4232-9AB8-72FE0FFB6B29}.Debug|Any CPU.ActiveCfg = Debug|Any CPU
		{AFB81BB5-3770-4232-9AB8-72FE0FFB6B29}.Debug|Any CPU.Build.0 = Debug|Any CPU
		{AFB81BB5-3770-4232-9AB8-72FE0FFB6B29}.Release|Any CPU.ActiveCfg = Release|Any CPU
		{AFB81BB5-3770-4232-9AB8-72FE0FFB6B29}.Release|Any CPU.Build.0 = Release|Any CPU
	EndGlobalSection
	GlobalSection(SolutionProperties) = preSolution
		HideSolutionNode = FALSE
	EndGlobalSection
	GlobalSection(ExtensibilityGlobals) = postSolution
		SolutionGuid = {81B82182-3C8D-4EAB-8662-3ABB4CD1A08D}
	EndGlobalSection
EndGlobal
